// !$*UTF8*$!
{
	archiveVersion = 1;
	classes = {
	};
	objectVersion = 77;
	objects = {

/* Begin PBXBuildFile section */
		F21304CF2ECDC2E200735580 /* KeyboardLockerAgent.app in Copy Agent App */ = {isa = PBXBuildFile; fileRef = F213049B2ECDC1AA00735580 /* KeyboardLockerAgent.app */; settings = {ATTRIBUTES = (RemoveHeadersOnCopy, ); }; };
		F21304D32ECDC51F00735580 /* klock in Copy CLI */ = {isa = PBXBuildFile; fileRef = F21304B42ECDC26400735580 /* klock */; settings = {ATTRIBUTES = (CodeSignOnCopy, ); }; };
		F2BFFCFF2EEFAF0B0065F041 /* Client in Frameworks */ = {isa = PBXBuildFile; productRef = F2BFFCFE2EEFAF0B0065F041 /* Client */; };
		F2BFFD012EEFAF1A0065F041 /* Service in Frameworks */ = {isa = PBXBuildFile; productRef = F2BFFD002EEFAF1A0065F041 /* Service */; };
		F2BFFD032EEFAF200065F041 /* Client in Frameworks */ = {isa = PBXBuildFile; productRef = F2BFFD022EEFAF200065F041 /* Client */; };
/* End PBXBuildFile section */

/* Begin PBXContainerItemProxy section */
		F21304D42ECDC53D00735580 /* PBXContainerItemProxy */ = {
			isa = PBXContainerItemProxy;
			containerPortal = F21304202ECDAD3500735580 /* Project object */;
			proxyType = 1;
			remoteGlobalIDString = F213049A2ECDC1AA00735580;
			remoteInfo = KeyboardLockerAgent;
		};
		F21304D62ECDC53D00735580 /* PBXContainerItemProxy */ = {
			isa = PBXContainerItemProxy;
			containerPortal = F21304202ECDAD3500735580 /* Project object */;
			proxyType = 1;
			remoteGlobalIDString = F21304B32ECDC26400735580;
			remoteInfo = klock;
		};
/* End PBXContainerItemProxy section */

/* Begin PBXCopyFilesBuildPhase section */
		F21304B22ECDC26400735580 /* CopyFiles */ = {
			isa = PBXCopyFilesBuildPhase;
			buildActionMask = 2147483647;
			dstPath = /usr/share/man/man1/;
			dstSubfolderSpec = 0;
			files = (
			);
			runOnlyForDeploymentPostprocessing = 1;
		};
		F21304C02ECDC2A400735580 /* Copy Agent App */ = {
			isa = PBXCopyFilesBuildPhase;
			buildActionMask = 2147483647;
			dstPath = Contents/Library/LoginItems;
			dstSubfolderSpec = 1;
			files = (
				F21304CF2ECDC2E200735580 /* KeyboardLockerAgent.app in Copy Agent App */,
			);
			name = "Copy Agent App";
			runOnlyForDeploymentPostprocessing = 0;
		};
		F21304D22ECDC50400735580 /* Copy CLI */ = {
			isa = PBXCopyFilesBuildPhase;
			buildActionMask = 2147483647;
			dstPath = "";
			dstSubfolderSpec = 6;
			files = (
				F21304D32ECDC51F00735580 /* klock in Copy CLI */,
			);
			name = "Copy CLI";
			runOnlyForDeploymentPostprocessing = 0;
		};
		F21305582ECE3C9B00735580 /* Copy Agent Plist */ = {
			isa = PBXCopyFilesBuildPhase;
			buildActionMask = 2147483647;
			dstPath = Contents/Library/LaunchAgents;
			dstSubfolderSpec = 1;
			files = (
			);
			name = "Copy Agent Plist";
			runOnlyForDeploymentPostprocessing = 0;
		};
/* End PBXCopyFilesBuildPhase section */

/* Begin PBXFileReference section */
		F21304282ECDAD3500735580 /* KeyboardLocker.app */ = {isa = PBXFileReference; explicitFileType = wrapper.application; includeInIndex = 0; path = KeyboardLocker.app; sourceTree = BUILT_PRODUCTS_DIR; };
		F21304362ECDADC900735580 /* Core */ = {isa = PBXFileReference; lastKnownFileType = wrapper; path = Core; sourceTree = "<group>"; };
		F213049B2ECDC1AA00735580 /* KeyboardLockerAgent.app */ = {isa = PBXFileReference; explicitFileType = wrapper.application; includeInIndex = 0; path = KeyboardLockerAgent.app; sourceTree = BUILT_PRODUCTS_DIR; };
		F21304B42ECDC26400735580 /* klock */ = {isa = PBXFileReference; explicitFileType = "compiled.mach-o.executable"; includeInIndex = 0; path = klock; sourceTree = BUILT_PRODUCTS_DIR; };
/* End PBXFileReference section */

/* Begin PBXFileSystemSynchronizedBuildFileExceptionSet section */
		F213055D2ECE3D5B00735580 /* Exceptions for "KeyboardLocker" folder in "KeyboardLocker" target */ = {
			isa = PBXFileSystemSynchronizedBuildFileExceptionSet;
			membershipExceptions = (
				io.lzhlovesjyq.keyboardlocker.agent.plist,
			);
			target = F21304272ECDAD3500735580 /* KeyboardLocker */;
		};
/* End PBXFileSystemSynchronizedBuildFileExceptionSet section */

/* Begin PBXFileSystemSynchronizedGroupBuildPhaseMembershipExceptionSet section */
		F213055A2ECE3CC500735580 /* Exceptions for "KeyboardLocker" folder in "Copy Agent Plist" phase from "KeyboardLocker" target */ = {
			isa = PBXFileSystemSynchronizedGroupBuildPhaseMembershipExceptionSet;
			attributesByRelativePath = {
				io.lzhlovesjyq.keyboardlocker.agent.plist = (CodeSignOnCopy, );
			};
			buildPhase = F21305582ECE3C9B00735580 /* Copy Agent Plist */;
			membershipExceptions = (
				io.lzhlovesjyq.keyboardlocker.agent.plist,
			);
		};
/* End PBXFileSystemSynchronizedGroupBuildPhaseMembershipExceptionSet section */

/* Begin PBXFileSystemSynchronizedRootGroup section */
		F213042A2ECDAD3500735580 /* KeyboardLocker */ = {
			isa = PBXFileSystemSynchronizedRootGroup;
			exceptions = (
				F213055D2ECE3D5B00735580 /* Exceptions for "KeyboardLocker" folder in "KeyboardLocker" target */,
				F213055A2ECE3CC500735580 /* Exceptions for "KeyboardLocker" folder in "Copy Agent Plist" phase from "KeyboardLocker" target */,
			);
			path = KeyboardLocker;
			sourceTree = "<group>";
		};
		F213049C2ECDC1AA00735580 /* KeyboardLockerAgent */ = {
			isa = PBXFileSystemSynchronizedRootGroup;
			path = KeyboardLockerAgent;
			sourceTree = "<group>";
		};
		F21304B52ECDC26400735580 /* klock */ = {
			isa = PBXFileSystemSynchronizedRootGroup;
			path = klock;
			sourceTree = "<group>";
		};
/* End PBXFileSystemSynchronizedRootGroup section */

/* Begin PBXFrameworksBuildPhase section */
		F21304252ECDAD3500735580 /* Frameworks */ = {
			isa = PBXFrameworksBuildPhase;
			buildActionMask = 2147483647;
			files = (
				F2BFFCFF2EEFAF0B0065F041 /* Client in Frameworks */,
			);
			runOnlyForDeploymentPostprocessing = 0;
		};
		F21304982ECDC1AA00735580 /* Frameworks */ = {
			isa = PBXFrameworksBuildPhase;
			buildActionMask = 2147483647;
			files = (
				F2BFFD012EEFAF1A0065F041 /* Service in Frameworks */,
			);
			runOnlyForDeploymentPostprocessing = 0;
		};
		F21304B12ECDC26400735580 /* Frameworks */ = {
			isa = PBXFrameworksBuildPhase;
			buildActionMask = 2147483647;
			files = (
				F2BFFD032EEFAF200065F041 /* Client in Frameworks */,
			);
			runOnlyForDeploymentPostprocessing = 0;
		};
/* End PBXFrameworksBuildPhase section */

/* Begin PBXGroup section */
		F213041F2ECDAD3500735580 = {
			isa = PBXGroup;
			children = (
				F21304362ECDADC900735580 /* Core */,
				F213042A2ECDAD3500735580 /* KeyboardLocker */,
				F213049C2ECDC1AA00735580 /* KeyboardLockerAgent */,
				F21304B52ECDC26400735580 /* klock */,
				F21304292ECDAD3500735580 /* Products */,
			);
			sourceTree = "<group>";
		};
		F21304292ECDAD3500735580 /* Products */ = {
			isa = PBXGroup;
			children = (
				F21304282ECDAD3500735580 /* KeyboardLocker.app */,
				F213049B2ECDC1AA00735580 /* KeyboardLockerAgent.app */,
				F21304B42ECDC26400735580 /* klock */,
			);
			name = Products;
			sourceTree = "<group>";
		};
/* End PBXGroup section */

/* Begin PBXNativeTarget section */
		F21304272ECDAD3500735580 /* KeyboardLocker */ = {
			isa = PBXNativeTarget;
			buildConfigurationList = F21304332ECDAD3600735580 /* Build configuration list for PBXNativeTarget "KeyboardLocker" */;
			buildPhases = (
				F21304242ECDAD3500735580 /* Sources */,
				F21304252ECDAD3500735580 /* Frameworks */,
				F21304262ECDAD3500735580 /* Resources */,
				F21305582ECE3C9B00735580 /* Copy Agent Plist */,
				F21304C02ECDC2A400735580 /* Copy Agent App */,
				F21304D22ECDC50400735580 /* Copy CLI */,
			);
			buildRules = (
			);
			dependencies = (
				F21304D52ECDC53D00735580 /* PBXTargetDependency */,
				F21304D72ECDC53D00735580 /* PBXTargetDependency */,
			);
			fileSystemSynchronizedGroups = (
				F213042A2ECDAD3500735580 /* KeyboardLocker */,
			);
			name = KeyboardLocker;
			packageProductDependencies = (
				F2BFFCFE2EEFAF0B0065F041 /* Client */,
			);
			productName = KeyboardLocker;
			productReference = F21304282ECDAD3500735580 /* KeyboardLocker.app */;
			productType = "com.apple.product-type.application";
		};
		F213049A2ECDC1AA00735580 /* KeyboardLockerAgent */ = {
			isa = PBXNativeTarget;
			buildConfigurationList = F21304A82ECDC1AB00735580 /* Build configuration list for PBXNativeTarget "KeyboardLockerAgent" */;
			buildPhases = (
				F21304972ECDC1AA00735580 /* Sources */,
				F21304982ECDC1AA00735580 /* Frameworks */,
				F21304992ECDC1AA00735580 /* Resources */,
			);
			buildRules = (
			);
			dependencies = (
			);
			fileSystemSynchronizedGroups = (
				F213049C2ECDC1AA00735580 /* KeyboardLockerAgent */,
			);
			name = KeyboardLockerAgent;
			packageProductDependencies = (
				F2BFFD002EEFAF1A0065F041 /* Service */,
			);
			productName = KeyboardLockerAgent;
			productReference = F213049B2ECDC1AA00735580 /* KeyboardLockerAgent.app */;
			productType = "com.apple.product-type.application";
		};
		F21304B32ECDC26400735580 /* klock */ = {
			isa = PBXNativeTarget;
			buildConfigurationList = F21304B82ECDC26400735580 /* Build configuration list for PBXNativeTarget "klock" */;
			buildPhases = (
				F21304B02ECDC26400735580 /* Sources */,
				F21304B12ECDC26400735580 /* Frameworks */,
				F21304B22ECDC26400735580 /* CopyFiles */,
			);
			buildRules = (
			);
			dependencies = (
			);
			fileSystemSynchronizedGroups = (
				F21304B52ECDC26400735580 /* klock */,
			);
			name = klock;
			packageProductDependencies = (
				F2BFFD022EEFAF200065F041 /* Client */,
			);
			productName = klock;
			productReference = F21304B42ECDC26400735580 /* klock */;
			productType = "com.apple.product-type.tool";
		};
/* End PBXNativeTarget section */

/* Begin PBXProject section */
		F21304202ECDAD3500735580 /* Project object */ = {
			isa = PBXProject;
			attributes = {
				BuildIndependentTargetsInParallel = 1;
				LastSwiftUpdateCheck = 2610;
				LastUpgradeCheck = 2620;
				TargetAttributes = {
					F21304272ECDAD3500735580 = {
						CreatedOnToolsVersion = 26.1.1;
					};
					F213049A2ECDC1AA00735580 = {
						CreatedOnToolsVersion = 26.1.1;
					};
					F21304B32ECDC26400735580 = {
						CreatedOnToolsVersion = 26.1.1;
					};
				};
			};
			buildConfigurationList = F21304232ECDAD3500735580 /* Build configuration list for PBXProject "KeyboardLocker" */;
			developmentRegion = en;
			hasScannedForEncodings = 0;
			knownRegions = (
				en,
				Base,
			);
			mainGroup = F213041F2ECDAD3500735580;
			minimizedProjectReferenceProxies = 1;
			preferredProjectObjectVersion = 77;
			productRefGroup = F21304292ECDAD3500735580 /* Products */;
			projectDirPath = "";
			projectRoot = "";
			targets = (
				F21304272ECDAD3500735580 /* KeyboardLocker */,
				F213049A2ECDC1AA00735580 /* KeyboardLockerAgent */,
				F21304B32ECDC26400735580 /* klock */,
			);
		};
/* End PBXProject section */

/* Begin PBXResourcesBuildPhase section */
		F21304262ECDAD3500735580 /* Resources */ = {
			isa = PBXResourcesBuildPhase;
			buildActionMask = 2147483647;
			files = (
			);
			runOnlyForDeploymentPostprocessing = 0;
		};
		F21304992ECDC1AA00735580 /* Resources */ = {
			isa = PBXResourcesBuildPhase;
			buildActionMask = 2147483647;
			files = (
			);
			runOnlyForDeploymentPostprocessing = 0;
		};
/* End PBXResourcesBuildPhase section */

/* Begin PBXSourcesBuildPhase section */
		F21304242ECDAD3500735580 /* Sources */ = {
			isa = PBXSourcesBuildPhase;
			buildActionMask = 2147483647;
			files = (
			);
			runOnlyForDeploymentPostprocessing = 0;
		};
		F21304972ECDC1AA00735580 /* Sources */ = {
			isa = PBXSourcesBuildPhase;
			buildActionMask = 2147483647;
			files = (
			);
			runOnlyForDeploymentPostprocessing = 0;
		};
		F21304B02ECDC26400735580 /* Sources */ = {
			isa = PBXSourcesBuildPhase;
			buildActionMask = 2147483647;
			files = (
			);
			runOnlyForDeploymentPostprocessing = 0;
		};
/* End PBXSourcesBuildPhase section */

/* Begin PBXTargetDependency section */
		F21304D52ECDC53D00735580 /* PBXTargetDependency */ = {
			isa = PBXTargetDependency;
			target = F213049A2ECDC1AA00735580 /* KeyboardLockerAgent */;
			targetProxy = F21304D42ECDC53D00735580 /* PBXContainerItemProxy */;
		};
		F21304D72ECDC53D00735580 /* PBXTargetDependency */ = {
			isa = PBXTargetDependency;
			target = F21304B32ECDC26400735580 /* klock */;
			targetProxy = F21304D62ECDC53D00735580 /* PBXContainerItemProxy */;
		};
/* End PBXTargetDependency section */

/* Begin XCBuildConfiguration section */
		F21304312ECDAD3600735580 /* Debug */ = {
			isa = XCBuildConfiguration;
			buildSettings = {
				ALWAYS_SEARCH_USER_PATHS = NO;
				ASSETCATALOG_COMPILER_GENERATE_SWIFT_ASSET_SYMBOL_EXTENSIONS = YES;
				CLANG_ANALYZER_NONNULL = YES;
				CLANG_ANALYZER_NUMBER_OBJECT_CONVERSION = YES_AGGRESSIVE;
				CLANG_CXX_LANGUAGE_STANDARD = "gnu++20";
				CLANG_ENABLE_MODULES = YES;
				CLANG_ENABLE_OBJC_ARC = YES;
				CLANG_ENABLE_OBJC_WEAK = YES;
				CLANG_WARN_BLOCK_CAPTURE_AUTORELEASING = YES;
				CLANG_WARN_BOOL_CONVERSION = YES;
				CLANG_WARN_COMMA = YES;
				CLANG_WARN_CONSTANT_CONVERSION = YES;
				CLANG_WARN_DEPRECATED_OBJC_IMPLEMENTATIONS = YES;
				CLANG_WARN_DIRECT_OBJC_ISA_USAGE = YES_ERROR;
				CLANG_WARN_DOCUMENTATION_COMMENTS = YES;
				CLANG_WARN_EMPTY_BODY = YES;
				CLANG_WARN_ENUM_CONVERSION = YES;
				CLANG_WARN_INFINITE_RECURSION = YES;
				CLANG_WARN_INT_CONVERSION = YES;
				CLANG_WARN_NON_LITERAL_NULL_CONVERSION = YES;
				CLANG_WARN_OBJC_IMPLICIT_RETAIN_SELF = YES;
				CLANG_WARN_OBJC_LITERAL_CONVERSION = YES;
				CLANG_WARN_OBJC_ROOT_CLASS = YES_ERROR;
				CLANG_WARN_QUOTED_INCLUDE_IN_FRAMEWORK_HEADER = YES;
				CLANG_WARN_RANGE_LOOP_ANALYSIS = YES;
				CLANG_WARN_STRICT_PROTOTYPES = YES;
				CLANG_WARN_SUSPICIOUS_MOVE = YES;
				CLANG_WARN_UNGUARDED_AVAILABILITY = YES_AGGRESSIVE;
				CLANG_WARN_UNREACHABLE_CODE = YES;
				CLANG_WARN__DUPLICATE_METHOD_MATCH = YES;
				COPY_PHASE_STRIP = NO;
				DEAD_CODE_STRIPPING = YES;
				DEBUG_INFORMATION_FORMAT = dwarf;
				DEVELOPMENT_TEAM = V65YCRQZ2M;
				ENABLE_STRICT_OBJC_MSGSEND = YES;
				ENABLE_TESTABILITY = YES;
				ENABLE_USER_SCRIPT_SANDBOXING = YES;
				GCC_C_LANGUAGE_STANDARD = gnu17;
				GCC_DYNAMIC_NO_PIC = NO;
				GCC_NO_COMMON_BLOCKS = YES;
				GCC_OPTIMIZATION_LEVEL = 0;
				GCC_PREPROCESSOR_DEFINITIONS = (
					"DEBUG=1",
					"$(inherited)",
				);
				GCC_WARN_64_TO_32_BIT_CONVERSION = YES;
				GCC_WARN_ABOUT_RETURN_TYPE = YES_ERROR;
				GCC_WARN_UNDECLARED_SELECTOR = YES;
				GCC_WARN_UNINITIALIZED_AUTOS = YES_AGGRESSIVE;
				GCC_WARN_UNUSED_FUNCTION = YES;
				GCC_WARN_UNUSED_VARIABLE = YES;
				LOCALIZATION_PREFERS_STRING_CATALOGS = YES;
				MACOSX_DEPLOYMENT_TARGET = 15.7;
				MTL_ENABLE_DEBUG_INFO = INCLUDE_SOURCE;
				MTL_FAST_MATH = YES;
				ONLY_ACTIVE_ARCH = YES;
				SDKROOT = macosx;
				STRING_CATALOG_GENERATE_SYMBOLS = YES;
				SWIFT_ACTIVE_COMPILATION_CONDITIONS = "DEBUG $(inherited)";
				SWIFT_OPTIMIZATION_LEVEL = "-Onone";
			};
			name = Debug;
		};
		F21304322ECDAD3600735580 /* Release */ = {
			isa = XCBuildConfiguration;
			buildSettings = {
				ALWAYS_SEARCH_USER_PATHS = NO;
				ASSETCATALOG_COMPILER_GENERATE_SWIFT_ASSET_SYMBOL_EXTENSIONS = YES;
				CLANG_ANALYZER_NONNULL = YES;
				CLANG_ANALYZER_NUMBER_OBJECT_CONVERSION = YES_AGGRESSIVE;
				CLANG_CXX_LANGUAGE_STANDARD = "gnu++20";
				CLANG_ENABLE_MODULES = YES;
				CLANG_ENABLE_OBJC_ARC = YES;
				CLANG_ENABLE_OBJC_WEAK = YES;
				CLANG_WARN_BLOCK_CAPTURE_AUTORELEASING = YES;
				CLANG_WARN_BOOL_CONVERSION = YES;
				CLANG_WARN_COMMA = YES;
				CLANG_WARN_CONSTANT_CONVERSION = YES;
				CLANG_WARN_DEPRECATED_OBJC_IMPLEMENTATIONS = YES;
				CLANG_WARN_DIRECT_OBJC_ISA_USAGE = YES_ERROR;
				CLANG_WARN_DOCUMENTATION_COMMENTS = YES;
				CLANG_WARN_EMPTY_BODY = YES;
				CLANG_WARN_ENUM_CONVERSION = YES;
				CLANG_WARN_INFINITE_RECURSION = YES;
				CLANG_WARN_INT_CONVERSION = YES;
				CLANG_WARN_NON_LITERAL_NULL_CONVERSION = YES;
				CLANG_WARN_OBJC_IMPLICIT_RETAIN_SELF = YES;
				CLANG_WARN_OBJC_LITERAL_CONVERSION = YES;
				CLANG_WARN_OBJC_ROOT_CLASS = YES_ERROR;
				CLANG_WARN_QUOTED_INCLUDE_IN_FRAMEWORK_HEADER = YES;
				CLANG_WARN_RANGE_LOOP_ANALYSIS = YES;
				CLANG_WARN_STRICT_PROTOTYPES = YES;
				CLANG_WARN_SUSPICIOUS_MOVE = YES;
				CLANG_WARN_UNGUARDED_AVAILABILITY = YES_AGGRESSIVE;
				CLANG_WARN_UNREACHABLE_CODE = YES;
				CLANG_WARN__DUPLICATE_METHOD_MATCH = YES;
				COPY_PHASE_STRIP = NO;
				DEAD_CODE_STRIPPING = YES;
				DEBUG_INFORMATION_FORMAT = "dwarf-with-dsym";
				DEVELOPMENT_TEAM = V65YCRQZ2M;
				ENABLE_NS_ASSERTIONS = NO;
				ENABLE_STRICT_OBJC_MSGSEND = YES;
				ENABLE_USER_SCRIPT_SANDBOXING = YES;
				GCC_C_LANGUAGE_STANDARD = gnu17;
				GCC_NO_COMMON_BLOCKS = YES;
				GCC_WARN_64_TO_32_BIT_CONVERSION = YES;
				GCC_WARN_ABOUT_RETURN_TYPE = YES_ERROR;
				GCC_WARN_UNDECLARED_SELECTOR = YES;
				GCC_WARN_UNINITIALIZED_AUTOS = YES_AGGRESSIVE;
				GCC_WARN_UNUSED_FUNCTION = YES;
				GCC_WARN_UNUSED_VARIABLE = YES;
				LOCALIZATION_PREFERS_STRING_CATALOGS = YES;
				MACOSX_DEPLOYMENT_TARGET = 15.7;
				MTL_ENABLE_DEBUG_INFO = NO;
				MTL_FAST_MATH = YES;
				SDKROOT = macosx;
				STRING_CATALOG_GENERATE_SYMBOLS = YES;
				SWIFT_COMPILATION_MODE = wholemodule;
			};
			name = Release;
		};
		F21304342ECDAD3600735580 /* Debug */ = {
			isa = XCBuildConfiguration;
			buildSettings = {
				ASSETCATALOG_COMPILER_APPICON_NAME = AppIcon;
				ASSETCATALOG_COMPILER_GLOBAL_ACCENT_COLOR_NAME = AccentColor;
				CODE_SIGN_STYLE = Automatic;
				COMBINE_HIDPI_IMAGES = YES;
				CURRENT_PROJECT_VERSION = 1;
				DEAD_CODE_STRIPPING = YES;
				DEVELOPMENT_TEAM = V65YCRQZ2M;
				ENABLE_APP_SANDBOX = NO;
				ENABLE_HARDENED_RUNTIME = YES;
				ENABLE_PREVIEWS = YES;
				GENERATE_INFOPLIST_FILE = YES;
				INFOPLIST_KEY_LSApplicationCategoryType = "public.app-category.utilities";
				INFOPLIST_KEY_LSUIElement = YES;
				INFOPLIST_KEY_NSHumanReadableCopyright = "";
				LD_RUNPATH_SEARCH_PATHS = (
					"$(inherited)",
					"@executable_path/../Frameworks",
				);
				MACOSX_DEPLOYMENT_TARGET = 13.0;
				MARKETING_VERSION = 1.0;
				PRODUCT_BUNDLE_IDENTIFIER = io.lzhlovesjyq.keyboardlocker;
				PRODUCT_NAME = "$(TARGET_NAME)";
				REGISTER_APP_GROUPS = YES;
				STRING_CATALOG_GENERATE_SYMBOLS = YES;
				SWIFT_APPROACHABLE_CONCURRENCY = YES;
				SWIFT_DEFAULT_ACTOR_ISOLATION = MainActor;
				SWIFT_EMIT_LOC_STRINGS = YES;
				SWIFT_UPCOMING_FEATURE_MEMBER_IMPORT_VISIBILITY = YES;
				SWIFT_VERSION = 5.0;
			};
			name = Debug;
		};
		F21304352ECDAD3600735580 /* Release */ = {
			isa = XCBuildConfiguration;
			buildSettings = {
				ASSETCATALOG_COMPILER_APPICON_NAME = AppIcon;
				ASSETCATALOG_COMPILER_GLOBAL_ACCENT_COLOR_NAME = AccentColor;
				"CODE_SIGN_IDENTITY[sdk=macosx*]" = "Apple Development";
				CODE_SIGN_STYLE = Automatic;
				COMBINE_HIDPI_IMAGES = YES;
				CURRENT_PROJECT_VERSION = 1;
				DEAD_CODE_STRIPPING = YES;
				DEVELOPMENT_TEAM = V65YCRQZ2M;
				ENABLE_APP_SANDBOX = NO;
				ENABLE_HARDENED_RUNTIME = YES;
				ENABLE_PREVIEWS = YES;
				GENERATE_INFOPLIST_FILE = YES;
				INFOPLIST_KEY_LSApplicationCategoryType = "public.app-category.utilities";
				INFOPLIST_KEY_LSUIElement = YES;
				INFOPLIST_KEY_NSHumanReadableCopyright = "";
				LD_RUNPATH_SEARCH_PATHS = (
					"$(inherited)",
					"@executable_path/../Frameworks",
				);
				MACOSX_DEPLOYMENT_TARGET = 13.0;
				MARKETING_VERSION = 1.0;
				PRODUCT_BUNDLE_IDENTIFIER = io.lzhlovesjyq.keyboardlocker;
				PRODUCT_NAME = "$(TARGET_NAME)";
				REGISTER_APP_GROUPS = YES;
				STRING_CATALOG_GENERATE_SYMBOLS = YES;
				SWIFT_APPROACHABLE_CONCURRENCY = YES;
				SWIFT_DEFAULT_ACTOR_ISOLATION = MainActor;
				SWIFT_EMIT_LOC_STRINGS = YES;
				SWIFT_UPCOMING_FEATURE_MEMBER_IMPORT_VISIBILITY = YES;
				SWIFT_VERSION = 5.0;
			};
			name = Release;
		};
		F21304A62ECDC1AB00735580 /* Debug */ = {
			isa = XCBuildConfiguration;
			buildSettings = {
				ASSETCATALOG_COMPILER_APPICON_NAME = AppIcon;
				ASSETCATALOG_COMPILER_GLOBAL_ACCENT_COLOR_NAME = AccentColor;
				CODE_SIGN_STYLE = Automatic;
				COMBINE_HIDPI_IMAGES = YES;
				CURRENT_PROJECT_VERSION = 1;
				DEAD_CODE_STRIPPING = YES;
				DEVELOPMENT_TEAM = V65YCRQZ2M;
				ENABLE_APP_SANDBOX = NO;
				ENABLE_HARDENED_RUNTIME = YES;
				GENERATE_INFOPLIST_FILE = YES;
				INFOPLIST_FILE = "";
				INFOPLIST_KEY_LSApplicationCategoryType = "public.app-category.utilities";
				INFOPLIST_KEY_LSUIElement = YES;
				INFOPLIST_KEY_NSHumanReadableCopyright = "";
				INFOPLIST_KEY_NSMainStoryboardFile = Main;
				INFOPLIST_KEY_NSPrincipalClass = NSApplication;
				LD_RUNPATH_SEARCH_PATHS = (
					"$(inherited)",
					"@executable_path/../Frameworks",
				);
				MACOSX_DEPLOYMENT_TARGET = 13.0;
				MARKETING_VERSION = 1.0;
				PRODUCT_BUNDLE_IDENTIFIER = io.lzhlovesjyq.keyboardlocker.agent;
				PRODUCT_NAME = "$(TARGET_NAME)";
				REGISTER_APP_GROUPS = YES;
				STRING_CATALOG_GENERATE_SYMBOLS = YES;
				SWIFT_APPROACHABLE_CONCURRENCY = YES;
				SWIFT_DEFAULT_ACTOR_ISOLATION = MainActor;
				SWIFT_EMIT_LOC_STRINGS = YES;
				SWIFT_UPCOMING_FEATURE_MEMBER_IMPORT_VISIBILITY = YES;
				SWIFT_VERSION = 5.0;
			};
			name = Debug;
		};
		F21304A72ECDC1AB00735580 /* Release */ = {
			isa = XCBuildConfiguration;
			buildSettings = {
				ASSETCATALOG_COMPILER_APPICON_NAME = AppIcon;
				ASSETCATALOG_COMPILER_GLOBAL_ACCENT_COLOR_NAME = AccentColor;
				"CODE_SIGN_IDENTITY[sdk=macosx*]" = "Apple Development";
				CODE_SIGN_STYLE = Automatic;
				COMBINE_HIDPI_IMAGES = YES;
				CURRENT_PROJECT_VERSION = 1;
				DEAD_CODE_STRIPPING = YES;
				DEVELOPMENT_TEAM = V65YCRQZ2M;
				ENABLE_APP_SANDBOX = NO;
				ENABLE_HARDENED_RUNTIME = YES;
				GENERATE_INFOPLIST_FILE = YES;
				INFOPLIST_FILE = "";
				INFOPLIST_KEY_LSApplicationCategoryType = "public.app-category.utilities";
				INFOPLIST_KEY_LSUIElement = YES;
				INFOPLIST_KEY_NSHumanReadableCopyright = "";
				INFOPLIST_KEY_NSMainStoryboardFile = Main;
				INFOPLIST_KEY_NSPrincipalClass = NSApplication;
				LD_RUNPATH_SEARCH_PATHS = (
					"$(inherited)",
					"@executable_path/../Frameworks",
				);
				MACOSX_DEPLOYMENT_TARGET = 13.0;
				MARKETING_VERSION = 1.0;
				PRODUCT_BUNDLE_IDENTIFIER = io.lzhlovesjyq.keyboardlocker.agent;
				PRODUCT_NAME = "$(TARGET_NAME)";
				REGISTER_APP_GROUPS = YES;
				STRING_CATALOG_GENERATE_SYMBOLS = YES;
				SWIFT_APPROACHABLE_CONCURRENCY = YES;
				SWIFT_DEFAULT_ACTOR_ISOLATION = MainActor;
				SWIFT_EMIT_LOC_STRINGS = YES;
				SWIFT_UPCOMING_FEATURE_MEMBER_IMPORT_VISIBILITY = YES;
				SWIFT_VERSION = 5.0;
			};
			name = Release;
		};
		F21304B92ECDC26400735580 /* Debug */ = {
			isa = XCBuildConfiguration;
			buildSettings = {
				CODE_SIGN_STYLE = Automatic;
				DEAD_CODE_STRIPPING = YES;
				DEVELOPMENT_TEAM = V65YCRQZ2M;
				ENABLE_HARDENED_RUNTIME = YES;
				MACOSX_DEPLOYMENT_TARGET = 13.0;
				PRODUCT_BUNDLE_IDENTIFIER = io.lzhlovesjyq.keyboardlocker.klock;
				PRODUCT_NAME = "$(TARGET_NAME)";
				SWIFT_APPROACHABLE_CONCURRENCY = YES;
				SWIFT_UPCOMING_FEATURE_MEMBER_IMPORT_VISIBILITY = YES;
				SWIFT_VERSION = 5.0;
			};
			name = Debug;
		};
		F21304BA2ECDC26400735580 /* Release */ = {
			isa = XCBuildConfiguration;
			buildSettings = {
				CODE_SIGN_STYLE = Automatic;
				DEAD_CODE_STRIPPING = YES;
				DEVELOPMENT_TEAM = V65YCRQZ2M;
				ENABLE_HARDENED_RUNTIME = YES;
				MACOSX_DEPLOYMENT_TARGET = 13.0;
				PRODUCT_BUNDLE_IDENTIFIER = io.lzhlovesjyq.keyboardlocker.klock;
				PRODUCT_NAME = "$(TARGET_NAME)";
				SWIFT_APPROACHABLE_CONCURRENCY = YES;
				SWIFT_UPCOMING_FEATURE_MEMBER_IMPORT_VISIBILITY = YES;
				SWIFT_VERSION = 5.0;
			};
			name = Release;
		};
/* End XCBuildConfiguration section */

/* Begin XCConfigurationList section */
		F21304232ECDAD3500735580 /* Build configuration list for PBXProject "KeyboardLocker" */ = {
			isa = XCConfigurationList;
			buildConfigurations = (
				F21304312ECDAD3600735580 /* Debug */,
				F21304322ECDAD3600735580 /* Release */,
			);
			defaultConfigurationIsVisible = 0;
			defaultConfigurationName = Release;
		};
		F21304332ECDAD3600735580 /* Build configuration list for PBXNativeTarget "KeyboardLocker" */ = {
			isa = XCConfigurationList;
			buildConfigurations = (
				F21304342ECDAD3600735580 /* Debug */,
				F21304352ECDAD3600735580 /* Release */,
			);
			defaultConfigurationIsVisible = 0;
			defaultConfigurationName = Release;
		};
		F21304A82ECDC1AB00735580 /* Build configuration list for PBXNativeTarget "KeyboardLockerAgent" */ = {
			isa = XCConfigurationList;
			buildConfigurations = (
				F21304A62ECDC1AB00735580 /* Debug */,
				F21304A72ECDC1AB00735580 /* Release */,
			);
			defaultConfigurationIsVisible = 0;
			defaultConfigurationName = Release;
		};
		F21304B82ECDC26400735580 /* Build configuration list for PBXNativeTarget "klock" */ = {
			isa = XCConfigurationList;
			buildConfigurations = (
				F21304B92ECDC26400735580 /* Debug */,
				F21304BA2ECDC26400735580 /* Release */,
			);
			defaultConfigurationIsVisible = 0;
			defaultConfigurationName = Release;
		};
/* End XCConfigurationList section */

/* Begin XCSwiftPackageProductDependency section */
		F2BFFCFE2EEFAF0B0065F041 /* Client */ = {
			isa = XCSwiftPackageProductDependency;
			productName = Client;
		};
		F2BFFD002EEFAF1A0065F041 /* Service */ = {
			isa = XCSwiftPackageProductDependency;
			productName = Service;
		};
		F2BFFD022EEFAF200065F041 /* Client */ = {
			isa = XCSwiftPackageProductDependency;
			productName = Client;
		};
/* End XCSwiftPackageProductDependency section */
	};
	rootObject = F21304202ECDAD3500735580 /* Project object */;
}
